# THIS IS AN AUTOGENERATED FILE. DO NOT EDIT THIS FILE DIRECTLY.
# yarn lockfile v1


react-native-ifimage@^1.0.1:
  version "1.0.1"
  resolved "https://registry.yarnpkg.com/react-native-ifimage/-/react-native-ifimage-1.0.1.tgz#a9b4cc8662b4da3ad8a4a013a49a135042756f40"

react-native-ifimage@^1.1.7:
  version "1.1.7"
  resolved "https://registry.yarnpkg.com/react-native-ifimage/-/react-native-ifimage-1.1.7.tgz#07f002c33ad85f364e3316fa4fada133befe7a89"
  dependencies:
    react-native-ifimage "^1.0.1"
